
Microsoft Visual Studio Solution File, Format Version 12.00
# Visual Studio Version 16
VisualStudioVersion = 16.0.29403.142
MinimumVisualStudioVersion = 10.0.40219.1
Project("{FAE04EC0-301F-11D3-BF4B-00C04F79EFBC}") = "Generalizations", "Generalizations.csproj", "{E5F476D3-A29B-4A04-AB10-AEF0F8CF62AC}"
EndProject
Global
	GlobalSection(SolutionConfigurationPlatforms) = preSolution
		Debug|Any CPU = Debug|Any CPU
		Release|Any CPU = Release|Any CPU
	EndGlobalSection
	GlobalSection(ProjectConfigurationPlatforms) = postSolution
		{E5F476D3-A29B-4A04-AB10-AEF0F8CF62AC}.Debug|Any CPU.ActiveCfg = Debug|Any CPU
		{E5F476D3-A29B-4A04-AB10-AEF0F8CF62AC}.Debug|Any CPU.Build.0 = Debug|Any CPU
		{E5F476D3-A29B-4A04-AB10-AEF0F8CF62AC}.Release|Any CPU.ActiveCfg = Release|Any CPU
		{E5F476D3-A29B-4A04-AB10-AEF0F8CF62AC}.Release|Any CPU.Build.0 = Release|Any CPU
	EndGlobalSection
	GlobalSection(SolutionProperties) = preSolution
		HideSolutionNode = FALSE
	EndGlobalSection
	GlobalSection(ExtensibilityGlobals) = postSolution
		SolutionGuid = {85BDF387-54E4-4094-BDB3-C6883FCE9CFE}
	EndGlobalSection
EndGlobal
